// !$*UTF8*$!
{
	archiveVersion = 1;
	classes = {
	};
	objectVersion = 77;
	objects = {

/* Begin PBXBuildFile section */
		0126B6E7C5FE6C8D8AAF16CC /* DHDUIComponents.swift in Sources */ = {isa = PBXBuildFile; fileRef = A21044959DAE86CE80CD9AB2 /* DHDUIComponents.swift */; };
		01A2315A61747912C3703845 /* CoachPlayerTestingEntriesView.swift in Sources */ = {isa = PBXBuildFile; fileRef = 05271107221981C50933D1A4 /* CoachPlayerTestingEntriesView.swift */; };
		04EE2BA52DC202DB18450577 /* PlayerHomeView.swift in Sources */ = {isa = PBXBuildFile; fileRef = EAAEF8BEC33E045575518A7E /* PlayerHomeView.swift */; };
		0553C1486FA55B01FED684F3 /* DateUtils.swift in Sources */ = {isa = PBXBuildFile; fileRef = 5C9D520A0BB7A476B09B8401 /* DateUtils.swift */; };
		0B5B3956EB634FC326E871E8 /* SDPlayerCalendarView.swift in Sources */ = {isa = PBXBuildFile; fileRef = 0827835BFF5C64E37C5A2872 /* SDPlayerCalendarView.swift */; };
		0E38770AD95DCF11C2FC32D1 /* FacilityDaySheet.swift in Sources */ = {isa = PBXBuildFile; fileRef = 6E496629A5315EE147596DAC /* FacilityDaySheet.swift */; };
		133AA6DBDC8B3178844DF590 /* DHDAppConfig.swift in Sources */ = {isa = PBXBuildFile; fileRef = 147524D57DCFF3811B8A1DA2 /* DHDAppConfig.swift */; };
		13479CE6BD7DE082866C9665 /* ParentChildProfileView.swift in Sources */ = {isa = PBXBuildFile; fileRef = B32297019CF7133C14B1FB27 /* ParentChildProfileView.swift */; };
		1473C657F467226626AED438 /* PlayerHomeView.swift in Sources */ = {isa = PBXBuildFile; fileRef = EAAEF8BEC33E045575518A7E /* PlayerHomeView.swift */; };
		17073264032B9780E92A82D5 /* ParentModels.swift in Sources */ = {isa = PBXBuildFile; fileRef = 2FE9CF773A5FE951692873F5 /* ParentModels.swift */; };
		172BB271428EF40068EDD629 /* CoachRootView.swift in Sources */ = {isa = PBXBuildFile; fileRef = 8E38CFB013018F00AA64EB83 /* CoachRootView.swift */; };
		204A4C521493870BCD08DD48 /* LoginView.swift in Sources */ = {isa = PBXBuildFile; fileRef = 14192E2B09D5F604E209C03C /* LoginView.swift */; };
		230EA0E1C8ABC5B52B2933AD /* OrgModels.swift in Sources */ = {isa = PBXBuildFile; fileRef = C20F37C518373D163E2FAEA6 /* OrgModels.swift */; };
		23310A2681D327D0A3E4BBE8 /* ParentChildCalendarView.swift in Sources */ = {isa = PBXBuildFile; fileRef = E4EF8499ADCEB0698D3800DD /* ParentChildCalendarView.swift */; };
		24E6922F41A944A563278CED /* CoachPlayerDailyLogsView.swift in Sources */ = {isa = PBXBuildFile; fileRef = 05ABCF25890675B9AB6359A1 /* CoachPlayerDailyLogsView.swift */; };
		25C4F2732E418B8B92181306 /* CoachProgramsView.swift in Sources */ = {isa = PBXBuildFile; fileRef = 1A27EEC829626AE15885166C /* CoachProgramsView.swift */; };
		2882C9495FA97B2BF23E92A8 /* SDParentFacilitiesView.swift in Sources */ = {isa = PBXBuildFile; fileRef = 7FBB22E1BE1FB8EEEC4835FA /* SDParentFacilitiesView.swift */; };
		2A8CEAA89AF41CF550AFDF4F /* ChatThreadView.swift in Sources */ = {isa = PBXBuildFile; fileRef = 826913BEC084F87DC26D763E /* ChatThreadView.swift */; };
		2CF9F90A8495CC54AD9574E9 /* OnboardingWizardView.swift in Sources */ = {isa = PBXBuildFile; fileRef = ECD8AAF352525CB53F02771C /* OnboardingWizardView.swift */; };
		2F3E7A4080124C7B9F17018C /* RootView.swift in Sources */ = {isa = PBXBuildFile; fileRef = AD112EA70B3B1B95D13E644E /* RootView.swift */; };
		318FC8C11AF0D582CC168D58 /* AccessRequiredView.swift in Sources */ = {isa = PBXBuildFile; fileRef = 3DF8895C02BB397FCB0576D7 /* AccessRequiredView.swift */; };
		32662DBB90FC85F3D80C1C88 /* RootView.swift in Sources */ = {isa = PBXBuildFile; fileRef = AD112EA70B3B1B95D13E644E /* RootView.swift */; };
		35DC93FD2C77972F1B32E150 /* SDProgramSchedule.swift in Sources */ = {isa = PBXBuildFile; fileRef = 66C6187561743B9EEBA2C4B9 /* SDProgramSchedule.swift */; };
		39A56F69482507D71B188D5F /* CoachPlayerOverviewView.swift in Sources */ = {isa = PBXBuildFile; fileRef = BB403F792A0E73F22A7C0487 /* CoachPlayerOverviewView.swift */; };
		3BAFA47C0720925E5DAF9157 /* CalendarComponents.swift in Sources */ = {isa = PBXBuildFile; fileRef = B8C0204E78C29ACB0380E937 /* CalendarComponents.swift */; };
		3D225E7FD4CDBF418E96606A /* ChatChannelListView.swift in Sources */ = {isa = PBXBuildFile; fileRef = 46DD0FEFDDFBEA5DB8E6A378 /* ChatChannelListView.swift */; };
		3DB697010FF08D9ADF3A727D /* ParentHomeView.swift in Sources */ = {isa = PBXBuildFile; fileRef = EFDF72161C0DAF0BA7A418AB /* ParentHomeView.swift */; };
		3FA6494CF626605D8017827A /* SupabaseConfig.swift in Sources */ = {isa = PBXBuildFile; fileRef = 957AE9A517C43C4040EBFFA2 /* SupabaseConfig.swift */; };
		42449CB02088B15C64892F21 /* FacilitiesDayTimelineView.swift in Sources */ = {isa = PBXBuildFile; fileRef = 9D6AED68FE0EFE519B8ABB72 /* FacilitiesDayTimelineView.swift */; };
		440BC13B4B9197F6D21394D5 /* DHDTheme.swift in Sources */ = {isa = PBXBuildFile; fileRef = C299FA592B3EC09BFA1F9C9D /* DHDTheme.swift */; };
		46EF84BB6814FEBDFFC79A57 /* CoachPlayerCalendarView.swift in Sources */ = {isa = PBXBuildFile; fileRef = E83C3D7A92BB5F46F1887522 /* CoachPlayerCalendarView.swift */; };
		479898EDDBB9094BF7239CC0 /* ProgramDayEditorSheet.swift in Sources */ = {isa = PBXBuildFile; fileRef = 5C9D720CDB5D136F5BEEC140 /* ProgramDayEditorSheet.swift */; };
		49270418D495F79E12586B55 /* ParentRootView.swift in Sources */ = {isa = PBXBuildFile; fileRef = 0559BBB792F68A6FF6E8B19D /* ParentRootView.swift */; };
		4A374E296589EBF5B2B9AB10 /* ChatChannelListView.swift in Sources */ = {isa = PBXBuildFile; fileRef = 46DD0FEFDDFBEA5DB8E6A378 /* ChatChannelListView.swift */; };
		4B0958E910011309A39915E8 /* ParentRequestPanels.swift in Sources */ = {isa = PBXBuildFile; fileRef = 5FF685DFA85E4DCA1EEB1FD8 /* ParentRequestPanels.swift */; };
		4C47D95EBA688FD04A4EEA8F /* LoginView.swift in Sources */ = {isa = PBXBuildFile; fileRef = 14192E2B09D5F604E209C03C /* LoginView.swift */; };
		4DF2CA34974F3A426FE2119C /* OrgModels.swift in Sources */ = {isa = PBXBuildFile; fileRef = C20F37C518373D163E2FAEA6 /* OrgModels.swift */; };
		520F46A071B7A1A2FCD84E61 /* SDPlayerTodayView.swift in Sources */ = {isa = PBXBuildFile; fileRef = F27113D6236D6C3852141788 /* SDPlayerTodayView.swift */; };
		5283C4F5CBBBF591E4BC7E32 /* CSV.swift in Sources */ = {isa = PBXBuildFile; fileRef = C2AA0674868AEA77A2832222 /* CSV.swift */; };
		52A02B1AAA4588BF8021624C /* CoachPlayerBPSessionsView.swift in Sources */ = {isa = PBXBuildFile; fileRef = 97A7570D7619B4AA54C2B270 /* CoachPlayerBPSessionsView.swift */; };
		53E9E4DFF3726D04EE7B1D49 /* OrgAdminConsoleView.swift in Sources */ = {isa = PBXBuildFile; fileRef = 91EF40EB7E3F072FBC2A8E9B /* OrgAdminConsoleView.swift */; };
		5407C4565A9831581906EB0A /* HomeView.swift in Sources */ = {isa = PBXBuildFile; fileRef = FF3601D4466FFF5F971402CF /* HomeView.swift */; };
		54E836B9723A8F1BACE6F217 /* SDProgramSchedule.swift in Sources */ = {isa = PBXBuildFile; fileRef = 66C6187561743B9EEBA2C4B9 /* SDProgramSchedule.swift */; };
		558FFE18FAB483D8A424DBD8 /* DateUtils.swift in Sources */ = {isa = PBXBuildFile; fileRef = 5C9D520A0BB7A476B09B8401 /* DateUtils.swift */; };
		56FA51F517317410CE08AD2D /* Profile.swift in Sources */ = {isa = PBXBuildFile; fileRef = FA60B944BB107E724C0F81A9 /* Profile.swift */; };
		597D3E04D5B3B43079EA6E83 /* NewFacilityBookingSheet.swift in Sources */ = {isa = PBXBuildFile; fileRef = F83EC4A2DD85E2AF70484200 /* NewFacilityBookingSheet.swift */; };
		5A5306FAE42D1E815F1EB1FE /* Profile.swift in Sources */ = {isa = PBXBuildFile; fileRef = FA60B944BB107E724C0F81A9 /* Profile.swift */; };
		5B5A2B7F72007B55E85FB915 /* CoachPlayerAnalysisView.swift in Sources */ = {isa = PBXBuildFile; fileRef = 4FD489367D72F1935C38A10C /* CoachPlayerAnalysisView.swift */; };
		5C2BC68ACE50C8A442A21E0F /* PlayerDetailView.swift in Sources */ = {isa = PBXBuildFile; fileRef = F17A811524475D4EA3A0770E /* PlayerDetailView.swift */; };
		5FCEB039C4609A95CB5E0BC4 /* CoachPlayerOverviewView.swift in Sources */ = {isa = PBXBuildFile; fileRef = BB403F792A0E73F22A7C0487 /* CoachPlayerOverviewView.swift */; };
		6073150C617BE5CB836D459F /* ConfigErrorView.swift in Sources */ = {isa = PBXBuildFile; fileRef = F3B6E71EEA7E871D2806A56F /* ConfigErrorView.swift */; };
		608243C9D31D5EEEA0455E72 /* CalendarComponents.swift in Sources */ = {isa = PBXBuildFile; fileRef = B8C0204E78C29ACB0380E937 /* CalendarComponents.swift */; };
		616D02D3C2201F628E48BBB9 /* CoachPlayerBPSessionsView.swift in Sources */ = {isa = PBXBuildFile; fileRef = 97A7570D7619B4AA54C2B270 /* CoachPlayerBPSessionsView.swift */; };
		6204B1B6659EEB6BAD5C2331 /* ConfigErrorView.swift in Sources */ = {isa = PBXBuildFile; fileRef = F3B6E71EEA7E871D2806A56F /* ConfigErrorView.swift */; };
		625C54097BD5984C057B6A48 /* ParentHomeView.swift in Sources */ = {isa = PBXBuildFile; fileRef = EFDF72161C0DAF0BA7A418AB /* ParentHomeView.swift */; };
		62DF4FDE1FC45404C99FF2C9 /* AccountView.swift in Sources */ = {isa = PBXBuildFile; fileRef = 9032C7FBDFA290C089230B41 /* AccountView.swift */; };
		652439C8494270A1FDA65EE0 /* ProgramTemplateEditorView.swift in Sources */ = {isa = PBXBuildFile; fileRef = 8A2D4F2B777096F141AB545B /* ProgramTemplateEditorView.swift */; };
		69B232F301E28F440982A5EB /* ParentChildProfileView.swift in Sources */ = {isa = PBXBuildFile; fileRef = B32297019CF7133C14B1FB27 /* ParentChildProfileView.swift */; };
		6A0ADC81EAA15A4FA7BF787A /* BPAnalysisComponents.swift in Sources */ = {isa = PBXBuildFile; fileRef = CFB039547C81F2671EB243A7 /* BPAnalysisComponents.swift */; };
		6A1B1BFCF6CF0D631DD595A2 /* CoachPlayerTestingEntriesView.swift in Sources */ = {isa = PBXBuildFile; fileRef = 05271107221981C50933D1A4 /* CoachPlayerTestingEntriesView.swift */; };
		6CFAE4F53058320B6E23143B /* AppState.swift in Sources */ = {isa = PBXBuildFile; fileRef = 31ECD04BA82CD0E96FF3142F /* AppState.swift */; };
		700BC8BAF0F4737FB3EE113A /* EditFacilityBookingSheet.swift in Sources */ = {isa = PBXBuildFile; fileRef = 78D97B3B515BA81BFFF881E8 /* EditFacilityBookingSheet.swift */; };
		70955AB6D9E443C5470204DA /* SDPlayerAnalysisView.swift in Sources */ = {isa = PBXBuildFile; fileRef = B430B86E8B0F01E0AA5765E4 /* SDPlayerAnalysisView.swift */; };
		7114DDA494C8E98A143111A9 /* CoachHomeView.swift in Sources */ = {isa = PBXBuildFile; fileRef = AB14CF524234D54A6513BC72 /* CoachHomeView.swift */; };
		7146A6B440574AA3793EA43E /* CoachFacilitiesView.swift in Sources */ = {isa = PBXBuildFile; fileRef = C42506D28681682F6881416D /* CoachFacilitiesView.swift */; };
		73726A20070BC555192C971D /* ParentRootView.swift in Sources */ = {isa = PBXBuildFile; fileRef = 0559BBB792F68A6FF6E8B19D /* ParentRootView.swift */; };
		7452FA7A3326004586D55FD5 /* Assets.xcassets in Resources */ = {isa = PBXBuildFile; fileRef = CB489603C9D4BF70D541C8AC /* Assets.xcassets */; };
		7A9AA48919B2DFD9D6D70B24 /* AppleSignIn.swift in Sources */ = {isa = PBXBuildFile; fileRef = 5FC31EF5DC96336F112D2408 /* AppleSignIn.swift */; };
		80EFF82BBD7052B80575ED65 /* SupabaseService.swift in Sources */ = {isa = PBXBuildFile; fileRef = B7797672943FF8051BA791DF /* SupabaseService.swift */; };
		814C50BC37DD69A38E9657D4 /* CoachPlayerAnalysisView.swift in Sources */ = {isa = PBXBuildFile; fileRef = 4FD489367D72F1935C38A10C /* CoachPlayerAnalysisView.swift */; };
		845EA54A688DEF8C639F5939 /* ParentRequestPanels.swift in Sources */ = {isa = PBXBuildFile; fileRef = 5FF685DFA85E4DCA1EEB1FD8 /* ParentRequestPanels.swift */; };
		84983AB4B6B189F95F35281D /* AppState.swift in Sources */ = {isa = PBXBuildFile; fileRef = 31ECD04BA82CD0E96FF3142F /* AppState.swift */; };
		85CC7A5EDEBC5CAF13A46B04 /* ParentChildCalendarView.swift in Sources */ = {isa = PBXBuildFile; fileRef = E4EF8499ADCEB0698D3800DD /* ParentChildCalendarView.swift */; };
		86F02AC394979859F903BEA0 /* SDPlayerTrendsView.swift in Sources */ = {isa = PBXBuildFile; fileRef = C0AD3AA167F20B3E42A01AB6 /* SDPlayerTrendsView.swift */; };
		8B49757A31FFE63A55FD01B0 /* TwoAxisScrollView.swift in Sources */ = {isa = PBXBuildFile; fileRef = 9DBE05F480BD63DCE6506529 /* TwoAxisScrollView.swift */; };
		8B5303E453C1933D3D426969 /* DHDMonthGridView.swift in Sources */ = {isa = PBXBuildFile; fileRef = 144856F33DA1FF9D76DF0214 /* DHDMonthGridView.swift */; };
		8E3F71ADFF9CC6EE375AB2BD /* ProgramDayEditorSheet.swift in Sources */ = {isa = PBXBuildFile; fileRef = 5C9D720CDB5D136F5BEEC140 /* ProgramDayEditorSheet.swift */; };
		8FE32807013A24CF1943DE3D /* OrgAdminConsoleView.swift in Sources */ = {isa = PBXBuildFile; fileRef = 91EF40EB7E3F072FBC2A8E9B /* OrgAdminConsoleView.swift */; };
		91BE91DBB113344ACA37A658 /* SDParentBillingView.swift in Sources */ = {isa = PBXBuildFile; fileRef = BD09D49CB09502E319FEBA08 /* SDParentBillingView.swift */; };
		928C427EF6C69C09A20178EA /* ChatThreadView.swift in Sources */ = {isa = PBXBuildFile; fileRef = 826913BEC084F87DC26D763E /* ChatThreadView.swift */; };
		93BAEE132E3C55035BAC7245 /* PlotlyChartView.swift in Sources */ = {isa = PBXBuildFile; fileRef = 8A222730AD16EFBC205F52DF /* PlotlyChartView.swift */; };
		969B1F344BE7811E78B7BC8D /* Assets.xcassets in Resources */ = {isa = PBXBuildFile; fileRef = CB489603C9D4BF70D541C8AC /* Assets.xcassets */; };
		97929B3D3D5F86BE95A463B8 /* CoachHomeView.swift in Sources */ = {isa = PBXBuildFile; fileRef = AB14CF524234D54A6513BC72 /* CoachHomeView.swift */; };
		97B363D1FBF96BDD6765BE78 /* AppleSignInButtonView.swift in Sources */ = {isa = PBXBuildFile; fileRef = 15B034FF1727D27444D3A22E /* AppleSignInButtonView.swift */; };
		980AD01FB12BC74C0775BA12 /* AppleSignIn.swift in Sources */ = {isa = PBXBuildFile; fileRef = 5FC31EF5DC96336F112D2408 /* AppleSignIn.swift */; };
		984F1E84E249168675D55DAD /* CoachPlayerCalendarView.swift in Sources */ = {isa = PBXBuildFile; fileRef = E83C3D7A92BB5F46F1887522 /* CoachPlayerCalendarView.swift */; };
		9CD661E0876165079B01AA25 /* ChatCreateView.swift in Sources */ = {isa = PBXBuildFile; fileRef = 8C89F606031EC9CB1DEFB1B0 /* ChatCreateView.swift */; };
		9DD9B54DB257C784EC5403F7 /* SDPlayerBPDaySection.swift in Sources */ = {isa = PBXBuildFile; fileRef = 6F4F6D24088F2EDBFFEC6249 /* SDPlayerBPDaySection.swift */; };
		A21F0162785EFBC90E7A3770 /* SDPlayerFacilitiesView.swift in Sources */ = {isa = PBXBuildFile; fileRef = E6C91F8B07850A66538A0BA9 /* SDPlayerFacilitiesView.swift */; };
		A6420AB6E455F93A2DB83604 /* SDParentFacilitiesView.swift in Sources */ = {isa = PBXBuildFile; fileRef = 7FBB22E1BE1FB8EEEC4835FA /* SDParentFacilitiesView.swift */; };
		A65E16E4FDBEEC0C7A8BECA8 /* SDParentBillingView.swift in Sources */ = {isa = PBXBuildFile; fileRef = BD09D49CB09502E319FEBA08 /* SDParentBillingView.swift */; };
		A6EB2188B0AC0CEBE36153C2 /* DHDSelfDevelopmentApp.swift in Sources */ = {isa = PBXBuildFile; fileRef = BB7349310881C703168C6505 /* DHDSelfDevelopmentApp.swift */; };
		AA7859AE4E4AD61ABBD31412 /* AppleSignInButtonView.swift in Sources */ = {isa = PBXBuildFile; fileRef = 15B034FF1727D27444D3A22E /* AppleSignInButtonView.swift */; };
		AD3F45181233326A33743F47 /* NewFacilityBookingSheet.swift in Sources */ = {isa = PBXBuildFile; fileRef = F83EC4A2DD85E2AF70484200 /* NewFacilityBookingSheet.swift */; };
		B002CD9438F0CF39CAB73AF9 /* Supabase in Frameworks */ = {isa = PBXBuildFile; productRef = 78B05C7157100C8A0530288E /* Supabase */; };
		B45272F4701AD9CD7B500BCF /* PlotlyChartView.swift in Sources */ = {isa = PBXBuildFile; fileRef = 8A222730AD16EFBC205F52DF /* PlotlyChartView.swift */; };
		B508FD3EC603C8EBECE71B5F /* DHDMonthGridView.swift in Sources */ = {isa = PBXBuildFile; fileRef = 144856F33DA1FF9D76DF0214 /* DHDMonthGridView.swift */; };
		B69F19E6852654579C77DD13 /* Supabase in Frameworks */ = {isa = PBXBuildFile; productRef = 0C44B2A79F7A5C1CEC6EDB33 /* Supabase */; };
		B8367B09BB0EF21784A87D12 /* DHDSelfDevelopmentApp.swift in Sources */ = {isa = PBXBuildFile; fileRef = BB7349310881C703168C6505 /* DHDSelfDevelopmentApp.swift */; };
		BE9E3D8B51EA75448837117A /* SupabaseService.swift in Sources */ = {isa = PBXBuildFile; fileRef = B7797672943FF8051BA791DF /* SupabaseService.swift */; };
		C09EB148ACB6FDF134B5984A /* EditFacilityBookingSheet.swift in Sources */ = {isa = PBXBuildFile; fileRef = 78D97B3B515BA81BFFF881E8 /* EditFacilityBookingSheet.swift */; };
		C16E303CB4E6A274654DD31A /* CoachPlayerProfileView.swift in Sources */ = {isa = PBXBuildFile; fileRef = CD540EB4ADE449880F6EFCE1 /* CoachPlayerProfileView.swift */; };
		C26131F82EB41FF49BF7DE2C /* SDModels.swift in Sources */ = {isa = PBXBuildFile; fileRef = A74D014F01213535F3545132 /* SDModels.swift */; };
		C2A05BC04F67EFFEED7C56B2 /* CoachPlayerProfileView.swift in Sources */ = {isa = PBXBuildFile; fileRef = CD540EB4ADE449880F6EFCE1 /* CoachPlayerProfileView.swift */; };
		C3B03C0649762CA3888543DB /* FacilitiesDayTimelineView.swift in Sources */ = {isa = PBXBuildFile; fileRef = 9D6AED68FE0EFE519B8ABB72 /* FacilitiesDayTimelineView.swift */; };
		C6CBB8E4C1EC8FA23F85733F /* DHDAppConfig.swift in Sources */ = {isa = PBXBuildFile; fileRef = 147524D57DCFF3811B8A1DA2 /* DHDAppConfig.swift */; };
		C723EF00B959CC288DF8E7DC /* DHDUIComponents.swift in Sources */ = {isa = PBXBuildFile; fileRef = A21044959DAE86CE80CD9AB2 /* DHDUIComponents.swift */; };
		C98BE70F4D8168FD35C1E014 /* ChatModels.swift in Sources */ = {isa = PBXBuildFile; fileRef = F8ACD6CAF4CA54F6036D02C1 /* ChatModels.swift */; };
		D0847238EFE6BD4D46B0A216 /* CSV.swift in Sources */ = {isa = PBXBuildFile; fileRef = C2AA0674868AEA77A2832222 /* CSV.swift */; };
		D2D385F71203CF9146398CBD /* FacilityDaySheet.swift in Sources */ = {isa = PBXBuildFile; fileRef = 6E496629A5315EE147596DAC /* FacilityDaySheet.swift */; };
		D531C8F56A6F03157F325FE9 /* CoachPlayerTestingCRUDView.swift in Sources */ = {isa = PBXBuildFile; fileRef = 48274DF8656FFB2E4CA1181C /* CoachPlayerTestingCRUDView.swift */; };
		D9B58C02EAD3DBF62048C8E9 /* ParentModels.swift in Sources */ = {isa = PBXBuildFile; fileRef = 2FE9CF773A5FE951692873F5 /* ParentModels.swift */; };
		DB13DC9392B70761DF7B8095 /* CoachPlayerTestingCRUDView.swift in Sources */ = {isa = PBXBuildFile; fileRef = 48274DF8656FFB2E4CA1181C /* CoachPlayerTestingCRUDView.swift */; };
		DC331396EA269EC60BE1B872 /* TwoAxisScrollView.swift in Sources */ = {isa = PBXBuildFile; fileRef = 9DBE05F480BD63DCE6506529 /* TwoAxisScrollView.swift */; };
		E1FA6F36F374DC70A4987783 /* SDModels.swift in Sources */ = {isa = PBXBuildFile; fileRef = A74D014F01213535F3545132 /* SDModels.swift */; };
		E2020518830D74F3506442D4 /* CoachPlayerDailyLogsView.swift in Sources */ = {isa = PBXBuildFile; fileRef = 05ABCF25890675B9AB6359A1 /* CoachPlayerDailyLogsView.swift */; };
		E229EC1D2E87B8E72D6BEE6B /* CoachFacilitiesView.swift in Sources */ = {isa = PBXBuildFile; fileRef = C42506D28681682F6881416D /* CoachFacilitiesView.swift */; };
		E31DA9A362D1D3C0CC1E4784 /* ChatCreateView.swift in Sources */ = {isa = PBXBuildFile; fileRef = 8C89F606031EC9CB1DEFB1B0 /* ChatCreateView.swift */; };
		E7780209CC9AF891ECEE6021 /* DHDTheme.swift in Sources */ = {isa = PBXBuildFile; fileRef = C299FA592B3EC09BFA1F9C9D /* DHDTheme.swift */; };
		EBD29C241A00896579CED93B /* CoachRootView.swift in Sources */ = {isa = PBXBuildFile; fileRef = 8E38CFB013018F00AA64EB83 /* CoachRootView.swift */; };
		ED2CDE247B32E248F18FFA39 /* LaunchScreen.storyboard in Resources */ = {isa = PBXBuildFile; fileRef = 870F6D7403F5680F21E8976D /* LaunchScreen.storyboard */; };
		ED7D6D56265A0CE3EE32BBA5 /* SDPlayerBPView.swift in Sources */ = {isa = PBXBuildFile; fileRef = 9422DADB8EA3C87612863304 /* SDPlayerBPView.swift */; };
		EE6AA423C8AF10B7DCBBB8D2 /* BPAnalysisComponents.swift in Sources */ = {isa = PBXBuildFile; fileRef = CFB039547C81F2671EB243A7 /* BPAnalysisComponents.swift */; };
		EF760872E58952AEADEBD3F1 /* CoachProgramsView.swift in Sources */ = {isa = PBXBuildFile; fileRef = 1A27EEC829626AE15885166C /* CoachProgramsView.swift */; };
		F20B5A94E866718C84A474CF /* ProgramTemplateEditorView.swift in Sources */ = {isa = PBXBuildFile; fileRef = 8A2D4F2B777096F141AB545B /* ProgramTemplateEditorView.swift */; };
		F45472EE2DFEF532FDAF6C7F /* PlayerDetailView.swift in Sources */ = {isa = PBXBuildFile; fileRef = F17A811524475D4EA3A0770E /* PlayerDetailView.swift */; };
		F74654D2CC2E718CE8A411D5 /* ChatModels.swift in Sources */ = {isa = PBXBuildFile; fileRef = F8ACD6CAF4CA54F6036D02C1 /* ChatModels.swift */; };
		F9363EE0AD1A270CEF755FE4 /* SDPlayerTestingView.swift in Sources */ = {isa = PBXBuildFile; fileRef = B60A110795BF460F8748A13E /* SDPlayerTestingView.swift */; };
		F99FE385A0141C54F85A9D75 /* AccountView.swift in Sources */ = {isa = PBXBuildFile; fileRef = 9032C7FBDFA290C089230B41 /* AccountView.swift */; };
		FA03157886D7DC806D66A496 /* HomeView.swift in Sources */ = {isa = PBXBuildFile; fileRef = FF3601D4466FFF5F971402CF /* HomeView.swift */; };
		FA20FA860DAEB864AF79BD18 /* SupabaseConfig.swift in Sources */ = {isa = PBXBuildFile; fileRef = 957AE9A517C43C4040EBFFA2 /* SupabaseConfig.swift */; };
		FCBBD88907DB358E7A9110F8 /* AccessRequiredView.swift in Sources */ = {isa = PBXBuildFile; fileRef = 3DF8895C02BB397FCB0576D7 /* AccessRequiredView.swift */; };
		FD9A5D0011BE69B4CF8912E2 /* SDPlayerProgramView.swift in Sources */ = {isa = PBXBuildFile; fileRef = 14505E014CDA8583C8863196 /* SDPlayerProgramView.swift */; };
/* End PBXBuildFile section */

/* Begin PBXFileReference section */
		05271107221981C50933D1A4 /* CoachPlayerTestingEntriesView.swift */ = {isa = PBXFileReference; lastKnownFileType = sourcecode.swift; path = CoachPlayerTestingEntriesView.swift; sourceTree = "<group>"; };
		0559BBB792F68A6FF6E8B19D /* ParentRootView.swift */ = {isa = PBXFileReference; lastKnownFileType = sourcecode.swift; path = ParentRootView.swift; sourceTree = "<group>"; };
		05ABCF25890675B9AB6359A1 /* CoachPlayerDailyLogsView.swift */ = {isa = PBXFileReference; lastKnownFileType = sourcecode.swift; path = CoachPlayerDailyLogsView.swift; sourceTree = "<group>"; };
		0827835BFF5C64E37C5A2872 /* SDPlayerCalendarView.swift */ = {isa = PBXFileReference; lastKnownFileType = sourcecode.swift; path = SDPlayerCalendarView.swift; sourceTree = "<group>"; };
		08690AD468DB80847F8D8721 /* DHDSelfDevelopmentMac.app */ = {isa = PBXFileReference; explicitFileType = wrapper.application; includeInIndex = 0; path = DHDSelfDevelopmentMac.app; sourceTree = BUILT_PRODUCTS_DIR; };
		14192E2B09D5F604E209C03C /* LoginView.swift */ = {isa = PBXFileReference; lastKnownFileType = sourcecode.swift; path = LoginView.swift; sourceTree = "<group>"; };
		144856F33DA1FF9D76DF0214 /* DHDMonthGridView.swift */ = {isa = PBXFileReference; lastKnownFileType = sourcecode.swift; path = DHDMonthGridView.swift; sourceTree = "<group>"; };
		14505E014CDA8583C8863196 /* SDPlayerProgramView.swift */ = {isa = PBXFileReference; lastKnownFileType = sourcecode.swift; path = SDPlayerProgramView.swift; sourceTree = "<group>"; };
		147524D57DCFF3811B8A1DA2 /* DHDAppConfig.swift */ = {isa = PBXFileReference; lastKnownFileType = sourcecode.swift; path = DHDAppConfig.swift; sourceTree = "<group>"; };
		15B034FF1727D27444D3A22E /* AppleSignInButtonView.swift */ = {isa = PBXFileReference; lastKnownFileType = sourcecode.swift; path = AppleSignInButtonView.swift; sourceTree = "<group>"; };
		1A27EEC829626AE15885166C /* CoachProgramsView.swift */ = {isa = PBXFileReference; lastKnownFileType = sourcecode.swift; path = CoachProgramsView.swift; sourceTree = "<group>"; };
		228153912AA5AD939009B142 /* DHDSelfDevelopmentMac.entitlements */ = {isa = PBXFileReference; lastKnownFileType = text.plist.entitlements; path = DHDSelfDevelopmentMac.entitlements; sourceTree = "<group>"; };
		2FE9CF773A5FE951692873F5 /* ParentModels.swift */ = {isa = PBXFileReference; lastKnownFileType = sourcecode.swift; path = ParentModels.swift; sourceTree = "<group>"; };
		31ECD04BA82CD0E96FF3142F /* AppState.swift */ = {isa = PBXFileReference; lastKnownFileType = sourcecode.swift; path = AppState.swift; sourceTree = "<group>"; };
		3DF8895C02BB397FCB0576D7 /* AccessRequiredView.swift */ = {isa = PBXFileReference; lastKnownFileType = sourcecode.swift; path = AccessRequiredView.swift; sourceTree = "<group>"; };
		46DD0FEFDDFBEA5DB8E6A378 /* ChatChannelListView.swift */ = {isa = PBXFileReference; lastKnownFileType = sourcecode.swift; path = ChatChannelListView.swift; sourceTree = "<group>"; };
		48274DF8656FFB2E4CA1181C /* CoachPlayerTestingCRUDView.swift */ = {isa = PBXFileReference; lastKnownFileType = sourcecode.swift; path = CoachPlayerTestingCRUDView.swift; sourceTree = "<group>"; };
		4FD489367D72F1935C38A10C /* CoachPlayerAnalysisView.swift */ = {isa = PBXFileReference; lastKnownFileType = sourcecode.swift; path = CoachPlayerAnalysisView.swift; sourceTree = "<group>"; };
		5C9D520A0BB7A476B09B8401 /* DateUtils.swift */ = {isa = PBXFileReference; lastKnownFileType = sourcecode.swift; path = DateUtils.swift; sourceTree = "<group>"; };
		5C9D720CDB5D136F5BEEC140 /* ProgramDayEditorSheet.swift */ = {isa = PBXFileReference; lastKnownFileType = sourcecode.swift; path = ProgramDayEditorSheet.swift; sourceTree = "<group>"; };
		5FC31EF5DC96336F112D2408 /* AppleSignIn.swift */ = {isa = PBXFileReference; lastKnownFileType = sourcecode.swift; path = AppleSignIn.swift; sourceTree = "<group>"; };
		5FF685DFA85E4DCA1EEB1FD8 /* ParentRequestPanels.swift */ = {isa = PBXFileReference; lastKnownFileType = sourcecode.swift; path = ParentRequestPanels.swift; sourceTree = "<group>"; };
		66C6187561743B9EEBA2C4B9 /* SDProgramSchedule.swift */ = {isa = PBXFileReference; lastKnownFileType = sourcecode.swift; path = SDProgramSchedule.swift; sourceTree = "<group>"; };
		6E496629A5315EE147596DAC /* FacilityDaySheet.swift */ = {isa = PBXFileReference; lastKnownFileType = sourcecode.swift; path = FacilityDaySheet.swift; sourceTree = "<group>"; };
		6F4F6D24088F2EDBFFEC6249 /* SDPlayerBPDaySection.swift */ = {isa = PBXFileReference; lastKnownFileType = sourcecode.swift; path = SDPlayerBPDaySection.swift; sourceTree = "<group>"; };
		78D97B3B515BA81BFFF881E8 /* EditFacilityBookingSheet.swift */ = {isa = PBXFileReference; lastKnownFileType = sourcecode.swift; path = EditFacilityBookingSheet.swift; sourceTree = "<group>"; };
		7FBB22E1BE1FB8EEEC4835FA /* SDParentFacilitiesView.swift */ = {isa = PBXFileReference; lastKnownFileType = sourcecode.swift; path = SDParentFacilitiesView.swift; sourceTree = "<group>"; };
		826913BEC084F87DC26D763E /* ChatThreadView.swift */ = {isa = PBXFileReference; lastKnownFileType = sourcecode.swift; path = ChatThreadView.swift; sourceTree = "<group>"; };
		870F6D7403F5680F21E8976D /* LaunchScreen.storyboard */ = {isa = PBXFileReference; lastKnownFileType = file.storyboard; path = LaunchScreen.storyboard; sourceTree = "<group>"; };
		8A222730AD16EFBC205F52DF /* PlotlyChartView.swift */ = {isa = PBXFileReference; lastKnownFileType = sourcecode.swift; path = PlotlyChartView.swift; sourceTree = "<group>"; };
		8A2D4F2B777096F141AB545B /* ProgramTemplateEditorView.swift */ = {isa = PBXFileReference; lastKnownFileType = sourcecode.swift; path = ProgramTemplateEditorView.swift; sourceTree = "<group>"; };
		8C89F606031EC9CB1DEFB1B0 /* ChatCreateView.swift */ = {isa = PBXFileReference; lastKnownFileType = sourcecode.swift; path = ChatCreateView.swift; sourceTree = "<group>"; };
		8DE9660DCA4F19A1BFF19523 /* DHDSelfDevelopment.app */ = {isa = PBXFileReference; includeInIndex = 0; lastKnownFileType = wrapper.application; path = DHDSelfDevelopment.app; sourceTree = BUILT_PRODUCTS_DIR; };
		8E38CFB013018F00AA64EB83 /* CoachRootView.swift */ = {isa = PBXFileReference; lastKnownFileType = sourcecode.swift; path = CoachRootView.swift; sourceTree = "<group>"; };
		9032C7FBDFA290C089230B41 /* AccountView.swift */ = {isa = PBXFileReference; lastKnownFileType = sourcecode.swift; path = AccountView.swift; sourceTree = "<group>"; };
		91EF40EB7E3F072FBC2A8E9B /* OrgAdminConsoleView.swift */ = {isa = PBXFileReference; lastKnownFileType = sourcecode.swift; path = OrgAdminConsoleView.swift; sourceTree = "<group>"; };
		9422DADB8EA3C87612863304 /* SDPlayerBPView.swift */ = {isa = PBXFileReference; lastKnownFileType = sourcecode.swift; path = SDPlayerBPView.swift; sourceTree = "<group>"; };
		957AE9A517C43C4040EBFFA2 /* SupabaseConfig.swift */ = {isa = PBXFileReference; lastKnownFileType = sourcecode.swift; path = SupabaseConfig.swift; sourceTree = "<group>"; };
		97A7570D7619B4AA54C2B270 /* CoachPlayerBPSessionsView.swift */ = {isa = PBXFileReference; lastKnownFileType = sourcecode.swift; path = CoachPlayerBPSessionsView.swift; sourceTree = "<group>"; };
		9D6AED68FE0EFE519B8ABB72 /* FacilitiesDayTimelineView.swift */ = {isa = PBXFileReference; lastKnownFileType = sourcecode.swift; path = FacilitiesDayTimelineView.swift; sourceTree = "<group>"; };
		9DBE05F480BD63DCE6506529 /* TwoAxisScrollView.swift */ = {isa = PBXFileReference; lastKnownFileType = sourcecode.swift; path = TwoAxisScrollView.swift; sourceTree = "<group>"; };
		A21044959DAE86CE80CD9AB2 /* DHDUIComponents.swift */ = {isa = PBXFileReference; lastKnownFileType = sourcecode.swift; path = DHDUIComponents.swift; sourceTree = "<group>"; };
		A74D014F01213535F3545132 /* SDModels.swift */ = {isa = PBXFileReference; lastKnownFileType = sourcecode.swift; path = SDModels.swift; sourceTree = "<group>"; };
		AB14CF524234D54A6513BC72 /* CoachHomeView.swift */ = {isa = PBXFileReference; lastKnownFileType = sourcecode.swift; path = CoachHomeView.swift; sourceTree = "<group>"; };
		AD112EA70B3B1B95D13E644E /* RootView.swift */ = {isa = PBXFileReference; lastKnownFileType = sourcecode.swift; path = RootView.swift; sourceTree = "<group>"; };
		B32297019CF7133C14B1FB27 /* ParentChildProfileView.swift */ = {isa = PBXFileReference; lastKnownFileType = sourcecode.swift; path = ParentChildProfileView.swift; sourceTree = "<group>"; };
		B430B86E8B0F01E0AA5765E4 /* SDPlayerAnalysisView.swift */ = {isa = PBXFileReference; lastKnownFileType = sourcecode.swift; path = SDPlayerAnalysisView.swift; sourceTree = "<group>"; };
		B60A110795BF460F8748A13E /* SDPlayerTestingView.swift */ = {isa = PBXFileReference; lastKnownFileType = sourcecode.swift; path = SDPlayerTestingView.swift; sourceTree = "<group>"; };
		B7797672943FF8051BA791DF /* SupabaseService.swift */ = {isa = PBXFileReference; lastKnownFileType = sourcecode.swift; path = SupabaseService.swift; sourceTree = "<group>"; };
		B8C0204E78C29ACB0380E937 /* CalendarComponents.swift */ = {isa = PBXFileReference; lastKnownFileType = sourcecode.swift; path = CalendarComponents.swift; sourceTree = "<group>"; };
		B98D8557CC6C27DC05361645 /* DHDSelfDevelopment.entitlements */ = {isa = PBXFileReference; lastKnownFileType = text.plist.entitlements; path = DHDSelfDevelopment.entitlements; sourceTree = "<group>"; };
		BB403F792A0E73F22A7C0487 /* CoachPlayerOverviewView.swift */ = {isa = PBXFileReference; lastKnownFileType = sourcecode.swift; path = CoachPlayerOverviewView.swift; sourceTree = "<group>"; };
		BB7349310881C703168C6505 /* DHDSelfDevelopmentApp.swift */ = {isa = PBXFileReference; lastKnownFileType = sourcecode.swift; path = DHDSelfDevelopmentApp.swift; sourceTree = "<group>"; };
		BD09D49CB09502E319FEBA08 /* SDParentBillingView.swift */ = {isa = PBXFileReference; lastKnownFileType = sourcecode.swift; path = SDParentBillingView.swift; sourceTree = "<group>"; };
		C028E0BF69C59BB152B97CB3 /* Info.plist */ = {isa = PBXFileReference; lastKnownFileType = text.plist; path = Info.plist; sourceTree = "<group>"; };
		C0AD3AA167F20B3E42A01AB6 /* SDPlayerTrendsView.swift */ = {isa = PBXFileReference; lastKnownFileType = sourcecode.swift; path = SDPlayerTrendsView.swift; sourceTree = "<group>"; };
		C20F37C518373D163E2FAEA6 /* OrgModels.swift */ = {isa = PBXFileReference; lastKnownFileType = sourcecode.swift; path = OrgModels.swift; sourceTree = "<group>"; };
		C299FA592B3EC09BFA1F9C9D /* DHDTheme.swift */ = {isa = PBXFileReference; lastKnownFileType = sourcecode.swift; path = DHDTheme.swift; sourceTree = "<group>"; };
		C2AA0674868AEA77A2832222 /* CSV.swift */ = {isa = PBXFileReference; lastKnownFileType = sourcecode.swift; path = CSV.swift; sourceTree = "<group>"; };
		C42506D28681682F6881416D /* CoachFacilitiesView.swift */ = {isa = PBXFileReference; lastKnownFileType = sourcecode.swift; path = CoachFacilitiesView.swift; sourceTree = "<group>"; };
		CB489603C9D4BF70D541C8AC /* Assets.xcassets */ = {isa = PBXFileReference; lastKnownFileType = folder.assetcatalog; path = Assets.xcassets; sourceTree = "<group>"; };
		CD540EB4ADE449880F6EFCE1 /* CoachPlayerProfileView.swift */ = {isa = PBXFileReference; lastKnownFileType = sourcecode.swift; path = CoachPlayerProfileView.swift; sourceTree = "<group>"; };
		CFB039547C81F2671EB243A7 /* BPAnalysisComponents.swift */ = {isa = PBXFileReference; lastKnownFileType = sourcecode.swift; path = BPAnalysisComponents.swift; sourceTree = "<group>"; };
		E4EF8499ADCEB0698D3800DD /* ParentChildCalendarView.swift */ = {isa = PBXFileReference; lastKnownFileType = sourcecode.swift; path = ParentChildCalendarView.swift; sourceTree = "<group>"; };
		E6C91F8B07850A66538A0BA9 /* SDPlayerFacilitiesView.swift */ = {isa = PBXFileReference; lastKnownFileType = sourcecode.swift; path = SDPlayerFacilitiesView.swift; sourceTree = "<group>"; };
		E83C3D7A92BB5F46F1887522 /* CoachPlayerCalendarView.swift */ = {isa = PBXFileReference; lastKnownFileType = sourcecode.swift; path = CoachPlayerCalendarView.swift; sourceTree = "<group>"; };
		EAAEF8BEC33E045575518A7E /* PlayerHomeView.swift */ = {isa = PBXFileReference; lastKnownFileType = sourcecode.swift; path = PlayerHomeView.swift; sourceTree = "<group>"; };
		ECD8AAF352525CB53F02771C /* OnboardingWizardView.swift */ = {isa = PBXFileReference; lastKnownFileType = sourcecode.swift; path = OnboardingWizardView.swift; sourceTree = "<group>"; };
		EFDF72161C0DAF0BA7A418AB /* ParentHomeView.swift */ = {isa = PBXFileReference; lastKnownFileType = sourcecode.swift; path = ParentHomeView.swift; sourceTree = "<group>"; };
		F17A811524475D4EA3A0770E /* PlayerDetailView.swift */ = {isa = PBXFileReference; lastKnownFileType = sourcecode.swift; path = PlayerDetailView.swift; sourceTree = "<group>"; };
		F27113D6236D6C3852141788 /* SDPlayerTodayView.swift */ = {isa = PBXFileReference; lastKnownFileType = sourcecode.swift; path = SDPlayerTodayView.swift; sourceTree = "<group>"; };
		F3B6E71EEA7E871D2806A56F /* ConfigErrorView.swift */ = {isa = PBXFileReference; lastKnownFileType = sourcecode.swift; path = ConfigErrorView.swift; sourceTree = "<group>"; };
		F83EC4A2DD85E2AF70484200 /* NewFacilityBookingSheet.swift */ = {isa = PBXFileReference; lastKnownFileType = sourcecode.swift; path = NewFacilityBookingSheet.swift; sourceTree = "<group>"; };
		F8ACD6CAF4CA54F6036D02C1 /* ChatModels.swift */ = {isa = PBXFileReference; lastKnownFileType = sourcecode.swift; path = ChatModels.swift; sourceTree = "<group>"; };
		FA60B944BB107E724C0F81A9 /* Profile.swift */ = {isa = PBXFileReference; lastKnownFileType = sourcecode.swift; path = Profile.swift; sourceTree = "<group>"; };
		FE1B2944969F9360B03A3E59 /* Secrets.xcconfig */ = {isa = PBXFileReference; lastKnownFileType = text.xcconfig; path = Secrets.xcconfig; sourceTree = "<group>"; };
		FF3601D4466FFF5F971402CF /* HomeView.swift */ = {isa = PBXFileReference; lastKnownFileType = sourcecode.swift; path = HomeView.swift; sourceTree = "<group>"; };
/* End PBXFileReference section */

/* Begin PBXFrameworksBuildPhase section */
		46A0FFDB8780F446C36AC03D /* Frameworks */ = {
			isa = PBXFrameworksBuildPhase;
			buildActionMask = 2147483647;
			files = (
				B69F19E6852654579C77DD13 /* Supabase in Frameworks */,
			);
			runOnlyForDeploymentPostprocessing = 0;
		};
		5A0E8031DA4434E3220010B3 /* Frameworks */ = {
			isa = PBXFrameworksBuildPhase;
			buildActionMask = 2147483647;
			files = (
				B002CD9438F0CF39CAB73AF9 /* Supabase in Frameworks */,
			);
			runOnlyForDeploymentPostprocessing = 0;
		};
/* End PBXFrameworksBuildPhase section */

/* Begin PBXGroup section */
		0A5179CF72E89AF32D5784DB /* Configs */ = {
			isa = PBXGroup;
			children = (
				FE1B2944969F9360B03A3E59 /* Secrets.xcconfig */,
			);
			path = Configs;
			sourceTree = "<group>";
		};
		0ACC488E1631D433A432D5BE /* Products */ = {
			isa = PBXGroup;
			children = (
				8DE9660DCA4F19A1BFF19523 /* DHDSelfDevelopment.app */,
				08690AD468DB80847F8D8721 /* DHDSelfDevelopmentMac.app */,
			);
			name = Products;
			sourceTree = "<group>";
		};
		1895AE5011446F3076D011D0 /* Home */ = {
			isa = PBXGroup;
			children = (
				3DF8895C02BB397FCB0576D7 /* AccessRequiredView.swift */,
				AB14CF524234D54A6513BC72 /* CoachHomeView.swift */,
				8E38CFB013018F00AA64EB83 /* CoachRootView.swift */,
				F3B6E71EEA7E871D2806A56F /* ConfigErrorView.swift */,
				FF3601D4466FFF5F971402CF /* HomeView.swift */,
				EFDF72161C0DAF0BA7A418AB /* ParentHomeView.swift */,
				0559BBB792F68A6FF6E8B19D /* ParentRootView.swift */,
				F17A811524475D4EA3A0770E /* PlayerDetailView.swift */,
				EAAEF8BEC33E045575518A7E /* PlayerHomeView.swift */,
			);
			path = Home;
			sourceTree = "<group>";
		};
		1E9AE8660C59E3A490D411F8 /* App */ = {
			isa = PBXGroup;
			children = (
				BB7349310881C703168C6505 /* DHDSelfDevelopmentApp.swift */,
				AD112EA70B3B1B95D13E644E /* RootView.swift */,
			);
			path = App;
			sourceTree = "<group>";
		};
		25CEAB6E8B17BF127F3C7009 /* Admin */ = {
			isa = PBXGroup;
			children = (
				91EF40EB7E3F072FBC2A8E9B /* OrgAdminConsoleView.swift */,
			);
			path = Admin;
			sourceTree = "<group>";
		};
		3972C5CE6C763BCD9A70F85F /* Login */ = {
			isa = PBXGroup;
			children = (
				15B034FF1727D27444D3A22E /* AppleSignInButtonView.swift */,
				14192E2B09D5F604E209C03C /* LoginView.swift */,
			);
			path = Login;
			sourceTree = "<group>";
		};
		45D51C482C4E06FD2E5F4E77 /* Shared */ = {
			isa = PBXGroup;
			children = (
				CFB039547C81F2671EB243A7 /* BPAnalysisComponents.swift */,
				B8C0204E78C29ACB0380E937 /* CalendarComponents.swift */,
				144856F33DA1FF9D76DF0214 /* DHDMonthGridView.swift */,
				66C6187561743B9EEBA2C4B9 /* SDProgramSchedule.swift */,
				9DBE05F480BD63DCE6506529 /* TwoAxisScrollView.swift */,
			);
			path = Shared;
			sourceTree = "<group>";
		};
		4F0EC3770B927D77CC8F17EC /* Account */ = {
			isa = PBXGroup;
			children = (
				9032C7FBDFA290C089230B41 /* AccountView.swift */,
				5FF685DFA85E4DCA1EEB1FD8 /* ParentRequestPanels.swift */,
			);
			path = Account;
			sourceTree = "<group>";
		};
		560177D8370E301E85F779D9 /* Chat */ = {
			isa = PBXGroup;
			children = (
				46DD0FEFDDFBEA5DB8E6A378 /* ChatChannelListView.swift */,
				8C89F606031EC9CB1DEFB1B0 /* ChatCreateView.swift */,
				826913BEC084F87DC26D763E /* ChatThreadView.swift */,
			);
			path = Chat;
			sourceTree = "<group>";
		};
		797C38662CED60710F181952 /* Player */ = {
			isa = PBXGroup;
			children = (
				ECD8AAF352525CB53F02771C /* OnboardingWizardView.swift */,
				B430B86E8B0F01E0AA5765E4 /* SDPlayerAnalysisView.swift */,
				6F4F6D24088F2EDBFFEC6249 /* SDPlayerBPDaySection.swift */,
				9422DADB8EA3C87612863304 /* SDPlayerBPView.swift */,
				0827835BFF5C64E37C5A2872 /* SDPlayerCalendarView.swift */,
				E6C91F8B07850A66538A0BA9 /* SDPlayerFacilitiesView.swift */,
				14505E014CDA8583C8863196 /* SDPlayerProgramView.swift */,
				B60A110795BF460F8748A13E /* SDPlayerTestingView.swift */,
				F27113D6236D6C3852141788 /* SDPlayerTodayView.swift */,
				C0AD3AA167F20B3E42A01AB6 /* SDPlayerTrendsView.swift */,
			);
			path = Player;
			sourceTree = "<group>";
		};
		7E24D59CCA63CB570F49917A /* Parent */ = {
			isa = PBXGroup;
			children = (
				E4EF8499ADCEB0698D3800DD /* ParentChildCalendarView.swift */,
				B32297019CF7133C14B1FB27 /* ParentChildProfileView.swift */,
				BD09D49CB09502E319FEBA08 /* SDParentBillingView.swift */,
				7FBB22E1BE1FB8EEEC4835FA /* SDParentFacilitiesView.swift */,
			);
			path = Parent;
			sourceTree = "<group>";
		};
		A28C9D01661CD3DDAB0DCB2E /* DHDSelfDevelopment */ = {
			isa = PBXGroup;
			children = (
				1E9AE8660C59E3A490D411F8 /* App */,
				B492F5C34C27442ACDCBE7FC /* Core */,
				D65A1953DBBF148F3F263D79 /* Features */,
				DCC58A3CE2FFA766709C247B /* Supporting */,
			);
			path = DHDSelfDevelopment;
			sourceTree = "<group>";
		};
		AD65505FA24681C65AE17284 /* Coach */ = {
			isa = PBXGroup;
			children = (
				C42506D28681682F6881416D /* CoachFacilitiesView.swift */,
				4FD489367D72F1935C38A10C /* CoachPlayerAnalysisView.swift */,
				97A7570D7619B4AA54C2B270 /* CoachPlayerBPSessionsView.swift */,
				E83C3D7A92BB5F46F1887522 /* CoachPlayerCalendarView.swift */,
				05ABCF25890675B9AB6359A1 /* CoachPlayerDailyLogsView.swift */,
				BB403F792A0E73F22A7C0487 /* CoachPlayerOverviewView.swift */,
				CD540EB4ADE449880F6EFCE1 /* CoachPlayerProfileView.swift */,
				48274DF8656FFB2E4CA1181C /* CoachPlayerTestingCRUDView.swift */,
				05271107221981C50933D1A4 /* CoachPlayerTestingEntriesView.swift */,
				1A27EEC829626AE15885166C /* CoachProgramsView.swift */,
				78D97B3B515BA81BFFF881E8 /* EditFacilityBookingSheet.swift */,
				9D6AED68FE0EFE519B8ABB72 /* FacilitiesDayTimelineView.swift */,
				6E496629A5315EE147596DAC /* FacilityDaySheet.swift */,
				F83EC4A2DD85E2AF70484200 /* NewFacilityBookingSheet.swift */,
				5C9D720CDB5D136F5BEEC140 /* ProgramDayEditorSheet.swift */,
				8A2D4F2B777096F141AB545B /* ProgramTemplateEditorView.swift */,
			);
			path = Coach;
			sourceTree = "<group>";
		};
		B492F5C34C27442ACDCBE7FC /* Core */ = {
			isa = PBXGroup;
			children = (
				5FC31EF5DC96336F112D2408 /* AppleSignIn.swift */,
				31ECD04BA82CD0E96FF3142F /* AppState.swift */,
				F8ACD6CAF4CA54F6036D02C1 /* ChatModels.swift */,
				C2AA0674868AEA77A2832222 /* CSV.swift */,
				5C9D520A0BB7A476B09B8401 /* DateUtils.swift */,
				147524D57DCFF3811B8A1DA2 /* DHDAppConfig.swift */,
				C299FA592B3EC09BFA1F9C9D /* DHDTheme.swift */,
				A21044959DAE86CE80CD9AB2 /* DHDUIComponents.swift */,
				C20F37C518373D163E2FAEA6 /* OrgModels.swift */,
				2FE9CF773A5FE951692873F5 /* ParentModels.swift */,
				8A222730AD16EFBC205F52DF /* PlotlyChartView.swift */,
				FA60B944BB107E724C0F81A9 /* Profile.swift */,
				A74D014F01213535F3545132 /* SDModels.swift */,
				957AE9A517C43C4040EBFFA2 /* SupabaseConfig.swift */,
				B7797672943FF8051BA791DF /* SupabaseService.swift */,
			);
			path = Core;
			sourceTree = "<group>";
		};
		BA279EF51BC73FAE60C9EDB7 = {
			isa = PBXGroup;
			children = (
				0A5179CF72E89AF32D5784DB /* Configs */,
				A28C9D01661CD3DDAB0DCB2E /* DHDSelfDevelopment */,
				0ACC488E1631D433A432D5BE /* Products */,
			);
			sourceTree = "<group>";
		};
		D65A1953DBBF148F3F263D79 /* Features */ = {
			isa = PBXGroup;
			children = (
				4F0EC3770B927D77CC8F17EC /* Account */,
				25CEAB6E8B17BF127F3C7009 /* Admin */,
				560177D8370E301E85F779D9 /* Chat */,
				AD65505FA24681C65AE17284 /* Coach */,
				1895AE5011446F3076D011D0 /* Home */,
				3972C5CE6C763BCD9A70F85F /* Login */,
				7E24D59CCA63CB570F49917A /* Parent */,
				797C38662CED60710F181952 /* Player */,
				45D51C482C4E06FD2E5F4E77 /* Shared */,
			);
			path = Features;
			sourceTree = "<group>";
		};
		DCC58A3CE2FFA766709C247B /* Supporting */ = {
			isa = PBXGroup;
			children = (
				CB489603C9D4BF70D541C8AC /* Assets.xcassets */,
				B98D8557CC6C27DC05361645 /* DHDSelfDevelopment.entitlements */,
				228153912AA5AD939009B142 /* DHDSelfDevelopmentMac.entitlements */,
				C028E0BF69C59BB152B97CB3 /* Info.plist */,
				870F6D7403F5680F21E8976D /* LaunchScreen.storyboard */,
			);
			path = Supporting;
			sourceTree = "<group>";
		};
/* End PBXGroup section */

/* Begin PBXNativeTarget section */
		88884394AF1B61F26EBABB9A /* DHDSelfDevelopment */ = {
			isa = PBXNativeTarget;
			buildConfigurationList = 1C6DAE60711227A6A237818E /* Build configuration list for PBXNativeTarget "DHDSelfDevelopment" */;
			buildPhases = (
				4BB467CD891140939777D658 /* Sources */,
				53A2763F3CFF8D5ED9E77FDF /* Resources */,
				46A0FFDB8780F446C36AC03D /* Frameworks */,
			);
			buildRules = (
			);
			dependencies = (
			);
			name = DHDSelfDevelopment;
			packageProductDependencies = (
				0C44B2A79F7A5C1CEC6EDB33 /* Supabase */,
			);
			productName = DHDSelfDevelopment;
			productReference = 8DE9660DCA4F19A1BFF19523 /* DHDSelfDevelopment.app */;
			productType = "com.apple.product-type.application";
		};
		B2486749A536642EDC5AFB58 /* DHDSelfDevelopmentMac */ = {
			isa = PBXNativeTarget;
			buildConfigurationList = D6962E5399F3069F160EECD5 /* Build configuration list for PBXNativeTarget "DHDSelfDevelopmentMac" */;
			buildPhases = (
				9429F89E3264ADC04EE4464B /* Sources */,
				9C312EABA014C275F3881F29 /* Resources */,
				5A0E8031DA4434E3220010B3 /* Frameworks */,
			);
			buildRules = (
			);
			dependencies = (
			);
			name = DHDSelfDevelopmentMac;
			packageProductDependencies = (
				78B05C7157100C8A0530288E /* Supabase */,
			);
			productName = DHDSelfDevelopmentMac;
			productReference = 08690AD468DB80847F8D8721 /* DHDSelfDevelopmentMac.app */;
			productType = "com.apple.product-type.application";
		};
/* End PBXNativeTarget section */

/* Begin PBXProject section */
		E6E0CADEF8292DF6AEECE916 /* Project object */ = {
			isa = PBXProject;
			attributes = {
				BuildIndependentTargetsInParallel = YES;
				LastUpgradeCheck = 1430;
				TargetAttributes = {
					88884394AF1B61F26EBABB9A = {
						DevelopmentTeam = "";
					};
					B2486749A536642EDC5AFB58 = {
						DevelopmentTeam = "";
					};
				};
			};
			buildConfigurationList = C1924BB73239E912E78EA451 /* Build configuration list for PBXProject "DHDSelfDevelopment" */;
			developmentRegion = en;
			hasScannedForEncodings = 0;
			knownRegions = (
				Base,
				en,
			);
			mainGroup = BA279EF51BC73FAE60C9EDB7;
			minimizedProjectReferenceProxies = 1;
			packageReferences = (
				1FD40FAD265EC81C8669DA56 /* XCRemoteSwiftPackageReference "supabase-swift" */,
			);
			preferredProjectObjectVersion = 77;
			productRefGroup = 0ACC488E1631D433A432D5BE /* Products */;
			projectDirPath = "";
			projectRoot = "";
			targets = (
				88884394AF1B61F26EBABB9A /* DHDSelfDevelopment */,
				B2486749A536642EDC5AFB58 /* DHDSelfDevelopmentMac */,
			);
		};
/* End PBXProject section */

/* Begin PBXResourcesBuildPhase section */
		53A2763F3CFF8D5ED9E77FDF /* Resources */ = {
			isa = PBXResourcesBuildPhase;
			buildActionMask = 2147483647;
			files = (
				969B1F344BE7811E78B7BC8D /* Assets.xcassets in Resources */,
				ED2CDE247B32E248F18FFA39 /* LaunchScreen.storyboard in Resources */,
			);
			runOnlyForDeploymentPostprocessing = 0;
		};
		9C312EABA014C275F3881F29 /* Resources */ = {
			isa = PBXResourcesBuildPhase;
			buildActionMask = 2147483647;
			files = (
				7452FA7A3326004586D55FD5 /* Assets.xcassets in Resources */,
			);
			runOnlyForDeploymentPostprocessing = 0;
		};
/* End PBXResourcesBuildPhase section */

/* Begin PBXSourcesBuildPhase section */
		4BB467CD891140939777D658 /* Sources */ = {
			isa = PBXSourcesBuildPhase;
			buildActionMask = 2147483647;
			files = (
				318FC8C11AF0D582CC168D58 /* AccessRequiredView.swift in Sources */,
				F99FE385A0141C54F85A9D75 /* AccountView.swift in Sources */,
				6CFAE4F53058320B6E23143B /* AppState.swift in Sources */,
				980AD01FB12BC74C0775BA12 /* AppleSignIn.swift in Sources */,
				AA7859AE4E4AD61ABBD31412 /* AppleSignInButtonView.swift in Sources */,
				6A0ADC81EAA15A4FA7BF787A /* BPAnalysisComponents.swift in Sources */,
				D0847238EFE6BD4D46B0A216 /* CSV.swift in Sources */,
				3BAFA47C0720925E5DAF9157 /* CalendarComponents.swift in Sources */,
				3D225E7FD4CDBF418E96606A /* ChatChannelListView.swift in Sources */,
				E31DA9A362D1D3C0CC1E4784 /* ChatCreateView.swift in Sources */,
				C98BE70F4D8168FD35C1E014 /* ChatModels.swift in Sources */,
				928C427EF6C69C09A20178EA /* ChatThreadView.swift in Sources */,
				7146A6B440574AA3793EA43E /* CoachFacilitiesView.swift in Sources */,
				7114DDA494C8E98A143111A9 /* CoachHomeView.swift in Sources */,
				5B5A2B7F72007B55E85FB915 /* CoachPlayerAnalysisView.swift in Sources */,
				52A02B1AAA4588BF8021624C /* CoachPlayerBPSessionsView.swift in Sources */,
				46EF84BB6814FEBDFFC79A57 /* CoachPlayerCalendarView.swift in Sources */,
				24E6922F41A944A563278CED /* CoachPlayerDailyLogsView.swift in Sources */,
				5FCEB039C4609A95CB5E0BC4 /* CoachPlayerOverviewView.swift in Sources */,
				C16E303CB4E6A274654DD31A /* CoachPlayerProfileView.swift in Sources */,
				DB13DC9392B70761DF7B8095 /* CoachPlayerTestingCRUDView.swift in Sources */,
				6A1B1BFCF6CF0D631DD595A2 /* CoachPlayerTestingEntriesView.swift in Sources */,
				25C4F2732E418B8B92181306 /* CoachProgramsView.swift in Sources */,
				172BB271428EF40068EDD629 /* CoachRootView.swift in Sources */,
				6204B1B6659EEB6BAD5C2331 /* ConfigErrorView.swift in Sources */,
				C6CBB8E4C1EC8FA23F85733F /* DHDAppConfig.swift in Sources */,
				B508FD3EC603C8EBECE71B5F /* DHDMonthGridView.swift in Sources */,
				A6EB2188B0AC0CEBE36153C2 /* DHDSelfDevelopmentApp.swift in Sources */,
				440BC13B4B9197F6D21394D5 /* DHDTheme.swift in Sources */,
				0126B6E7C5FE6C8D8AAF16CC /* DHDUIComponents.swift in Sources */,
				558FFE18FAB483D8A424DBD8 /* DateUtils.swift in Sources */,
				700BC8BAF0F4737FB3EE113A /* EditFacilityBookingSheet.swift in Sources */,
				42449CB02088B15C64892F21 /* FacilitiesDayTimelineView.swift in Sources */,
				0E38770AD95DCF11C2FC32D1 /* FacilityDaySheet.swift in Sources */,
				FA03157886D7DC806D66A496 /* HomeView.swift in Sources */,
				204A4C521493870BCD08DD48 /* LoginView.swift in Sources */,
				597D3E04D5B3B43079EA6E83 /* NewFacilityBookingSheet.swift in Sources */,
				2CF9F90A8495CC54AD9574E9 /* OnboardingWizardView.swift in Sources */,
				53E9E4DFF3726D04EE7B1D49 /* OrgAdminConsoleView.swift in Sources */,
				4DF2CA34974F3A426FE2119C /* OrgModels.swift in Sources */,
				85CC7A5EDEBC5CAF13A46B04 /* ParentChildCalendarView.swift in Sources */,
				69B232F301E28F440982A5EB /* ParentChildProfileView.swift in Sources */,
				3DB697010FF08D9ADF3A727D /* ParentHomeView.swift in Sources */,
				D9B58C02EAD3DBF62048C8E9 /* ParentModels.swift in Sources */,
				4B0958E910011309A39915E8 /* ParentRequestPanels.swift in Sources */,
				73726A20070BC555192C971D /* ParentRootView.swift in Sources */,
				F45472EE2DFEF532FDAF6C7F /* PlayerDetailView.swift in Sources */,
				1473C657F467226626AED438 /* PlayerHomeView.swift in Sources */,
				93BAEE132E3C55035BAC7245 /* PlotlyChartView.swift in Sources */,
				5A5306FAE42D1E815F1EB1FE /* Profile.swift in Sources */,
				8E3F71ADFF9CC6EE375AB2BD /* ProgramDayEditorSheet.swift in Sources */,
				652439C8494270A1FDA65EE0 /* ProgramTemplateEditorView.swift in Sources */,
				32662DBB90FC85F3D80C1C88 /* RootView.swift in Sources */,
				C26131F82EB41FF49BF7DE2C /* SDModels.swift in Sources */,
				A65E16E4FDBEEC0C7A8BECA8 /* SDParentBillingView.swift in Sources */,
				2882C9495FA97B2BF23E92A8 /* SDParentFacilitiesView.swift in Sources */,
				70955AB6D9E443C5470204DA /* SDPlayerAnalysisView.swift in Sources */,
				9DD9B54DB257C784EC5403F7 /* SDPlayerBPDaySection.swift in Sources */,
				ED7D6D56265A0CE3EE32BBA5 /* SDPlayerBPView.swift in Sources */,
				0B5B3956EB634FC326E871E8 /* SDPlayerCalendarView.swift in Sources */,
				A21F0162785EFBC90E7A3770 /* SDPlayerFacilitiesView.swift in Sources */,
				FD9A5D0011BE69B4CF8912E2 /* SDPlayerProgramView.swift in Sources */,
				F9363EE0AD1A270CEF755FE4 /* SDPlayerTestingView.swift in Sources */,
				520F46A071B7A1A2FCD84E61 /* SDPlayerTodayView.swift in Sources */,
				86F02AC394979859F903BEA0 /* SDPlayerTrendsView.swift in Sources */,
				35DC93FD2C77972F1B32E150 /* SDProgramSchedule.swift in Sources */,
				3FA6494CF626605D8017827A /* SupabaseConfig.swift in Sources */,
				80EFF82BBD7052B80575ED65 /* SupabaseService.swift in Sources */,
				8B49757A31FFE63A55FD01B0 /* TwoAxisScrollView.swift in Sources */,
			);
			runOnlyForDeploymentPostprocessing = 0;
		};
		9429F89E3264ADC04EE4464B /* Sources */ = {
			isa = PBXSourcesBuildPhase;
			buildActionMask = 2147483647;
			files = (
				FCBBD88907DB358E7A9110F8 /* AccessRequiredView.swift in Sources */,
				62DF4FDE1FC45404C99FF2C9 /* AccountView.swift in Sources */,
				84983AB4B6B189F95F35281D /* AppState.swift in Sources */,
				7A9AA48919B2DFD9D6D70B24 /* AppleSignIn.swift in Sources */,
				97B363D1FBF96BDD6765BE78 /* AppleSignInButtonView.swift in Sources */,
				EE6AA423C8AF10B7DCBBB8D2 /* BPAnalysisComponents.swift in Sources */,
				5283C4F5CBBBF591E4BC7E32 /* CSV.swift in Sources */,
				608243C9D31D5EEEA0455E72 /* CalendarComponents.swift in Sources */,
				4A374E296589EBF5B2B9AB10 /* ChatChannelListView.swift in Sources */,
				9CD661E0876165079B01AA25 /* ChatCreateView.swift in Sources */,
				F74654D2CC2E718CE8A411D5 /* ChatModels.swift in Sources */,
				2A8CEAA89AF41CF550AFDF4F /* ChatThreadView.swift in Sources */,
				E229EC1D2E87B8E72D6BEE6B /* CoachFacilitiesView.swift in Sources */,
				97929B3D3D5F86BE95A463B8 /* CoachHomeView.swift in Sources */,
				814C50BC37DD69A38E9657D4 /* CoachPlayerAnalysisView.swift in Sources */,
				616D02D3C2201F628E48BBB9 /* CoachPlayerBPSessionsView.swift in Sources */,
				984F1E84E249168675D55DAD /* CoachPlayerCalendarView.swift in Sources */,
				E2020518830D74F3506442D4 /* CoachPlayerDailyLogsView.swift in Sources */,
				39A56F69482507D71B188D5F /* CoachPlayerOverviewView.swift in Sources */,
				C2A05BC04F67EFFEED7C56B2 /* CoachPlayerProfileView.swift in Sources */,
				D531C8F56A6F03157F325FE9 /* CoachPlayerTestingCRUDView.swift in Sources */,
				01A2315A61747912C3703845 /* CoachPlayerTestingEntriesView.swift in Sources */,
				EF760872E58952AEADEBD3F1 /* CoachProgramsView.swift in Sources */,
				EBD29C241A00896579CED93B /* CoachRootView.swift in Sources */,
				6073150C617BE5CB836D459F /* ConfigErrorView.swift in Sources */,
				133AA6DBDC8B3178844DF590 /* DHDAppConfig.swift in Sources */,
				8B5303E453C1933D3D426969 /* DHDMonthGridView.swift in Sources */,
				B8367B09BB0EF21784A87D12 /* DHDSelfDevelopmentApp.swift in Sources */,
				E7780209CC9AF891ECEE6021 /* DHDTheme.swift in Sources */,
				C723EF00B959CC288DF8E7DC /* DHDUIComponents.swift in Sources */,
				0553C1486FA55B01FED684F3 /* DateUtils.swift in Sources */,
				C09EB148ACB6FDF134B5984A /* EditFacilityBookingSheet.swift in Sources */,
				C3B03C0649762CA3888543DB /* FacilitiesDayTimelineView.swift in Sources */,
				D2D385F71203CF9146398CBD /* FacilityDaySheet.swift in Sources */,
				5407C4565A9831581906EB0A /* HomeView.swift in Sources */,
				4C47D95EBA688FD04A4EEA8F /* LoginView.swift in Sources */,
				AD3F45181233326A33743F47 /* NewFacilityBookingSheet.swift in Sources */,
				8FE32807013A24CF1943DE3D /* OrgAdminConsoleView.swift in Sources */,
				230EA0E1C8ABC5B52B2933AD /* OrgModels.swift in Sources */,
				23310A2681D327D0A3E4BBE8 /* ParentChildCalendarView.swift in Sources */,
				13479CE6BD7DE082866C9665 /* ParentChildProfileView.swift in Sources */,
				625C54097BD5984C057B6A48 /* ParentHomeView.swift in Sources */,
				17073264032B9780E92A82D5 /* ParentModels.swift in Sources */,
				845EA54A688DEF8C639F5939 /* ParentRequestPanels.swift in Sources */,
				49270418D495F79E12586B55 /* ParentRootView.swift in Sources */,
				5C2BC68ACE50C8A442A21E0F /* PlayerDetailView.swift in Sources */,
				04EE2BA52DC202DB18450577 /* PlayerHomeView.swift in Sources */,
				B45272F4701AD9CD7B500BCF /* PlotlyChartView.swift in Sources */,
				56FA51F517317410CE08AD2D /* Profile.swift in Sources */,
				479898EDDBB9094BF7239CC0 /* ProgramDayEditorSheet.swift in Sources */,
				F20B5A94E866718C84A474CF /* ProgramTemplateEditorView.swift in Sources */,
				2F3E7A4080124C7B9F17018C /* RootView.swift in Sources */,
				E1FA6F36F374DC70A4987783 /* SDModels.swift in Sources */,
				91BE91DBB113344ACA37A658 /* SDParentBillingView.swift in Sources */,
				A6420AB6E455F93A2DB83604 /* SDParentFacilitiesView.swift in Sources */,
				54E836B9723A8F1BACE6F217 /* SDProgramSchedule.swift in Sources */,
				FA20FA860DAEB864AF79BD18 /* SupabaseConfig.swift in Sources */,
				BE9E3D8B51EA75448837117A /* SupabaseService.swift in Sources */,
				DC331396EA269EC60BE1B872 /* TwoAxisScrollView.swift in Sources */,
			);
			runOnlyForDeploymentPostprocessing = 0;
		};
/* End PBXSourcesBuildPhase section */

/* Begin XCBuildConfiguration section */
		0AB8257CEE1CF169653074E0 /* Release */ = {
			isa = XCBuildConfiguration;
			buildSettings = {
				ASSETCATALOG_COMPILER_APPICON_NAME = AppIcon;
				CODE_SIGN_ENTITLEMENTS = DHDSelfDevelopment/Supporting/DHDSelfDevelopment.entitlements;
				CODE_SIGN_IDENTITY = "iPhone Developer";
				INFOPLIST_FILE = DHDSelfDevelopment/Supporting/Info.plist;
				LD_RUNPATH_SEARCH_PATHS = (
					"$(inherited)",
					"@executable_path/Frameworks",
				);
				PRODUCT_BUNDLE_IDENTIFIER = com.dhd.selfdevelopment.multiorg;
				SDKROOT = iphoneos;
				TARGETED_DEVICE_FAMILY = "1,2";
			};
			name = Release;
		};
		2B11680C233B292EBAD8B130 /* Release */ = {
			isa = XCBuildConfiguration;
			baseConfigurationReference = FE1B2944969F9360B03A3E59 /* Secrets.xcconfig */;
			buildSettings = {
				ALWAYS_SEARCH_USER_PATHS = NO;
				CLANG_ANALYZER_NONNULL = YES;
				CLANG_ANALYZER_NUMBER_OBJECT_CONVERSION = YES_AGGRESSIVE;
				CLANG_CXX_LANGUAGE_STANDARD = "gnu++14";
				CLANG_CXX_LIBRARY = "libc++";
				CLANG_ENABLE_MODULES = YES;
				CLANG_ENABLE_OBJC_ARC = YES;
				CLANG_ENABLE_OBJC_WEAK = YES;
				CLANG_WARN_BLOCK_CAPTURE_AUTORELEASING = YES;
				CLANG_WARN_BOOL_CONVERSION = YES;
				CLANG_WARN_COMMA = YES;
				CLANG_WARN_CONSTANT_CONVERSION = YES;
				CLANG_WARN_DEPRECATED_OBJC_IMPLEMENTATIONS = YES;
				CLANG_WARN_DIRECT_OBJC_ISA_USAGE = YES_ERROR;
				CLANG_WARN_DOCUMENTATION_COMMENTS = YES;
				CLANG_WARN_EMPTY_BODY = YES;
				CLANG_WARN_ENUM_CONVERSION = YES;
				CLANG_WARN_INFINITE_RECURSION = YES;
				CLANG_WARN_INT_CONVERSION = YES;
				CLANG_WARN_NON_LITERAL_NULL_CONVERSION = YES;
				CLANG_WARN_OBJC_IMPLICIT_RETAIN_SELF = YES;
				CLANG_WARN_OBJC_LITERAL_CONVERSION = YES;
				CLANG_WARN_OBJC_ROOT_CLASS = YES_ERROR;
				CLANG_WARN_QUOTED_INCLUDE_IN_FRAMEWORK_HEADER = YES;
				CLANG_WARN_RANGE_LOOP_ANALYSIS = YES;
				CLANG_WARN_STRICT_PROTOTYPES = YES;
				CLANG_WARN_SUSPICIOUS_MOVE = YES;
				CLANG_WARN_UNGUARDED_AVAILABILITY = YES_AGGRESSIVE;
				CLANG_WARN_UNREACHABLE_CODE = YES;
				CLANG_WARN__DUPLICATE_METHOD_MATCH = YES;
				COPY_PHASE_STRIP = NO;
				CURRENT_PROJECT_VERSION = 1;
				DEBUG_INFORMATION_FORMAT = "dwarf-with-dsym";
				DEVELOPMENT_TEAM = "";
				ENABLE_NS_ASSERTIONS = NO;
				ENABLE_STRICT_OBJC_MSGSEND = YES;
				GCC_C_LANGUAGE_STANDARD = gnu11;
				GCC_NO_COMMON_BLOCKS = YES;
				GCC_WARN_64_TO_32_BIT_CONVERSION = YES;
				GCC_WARN_ABOUT_RETURN_TYPE = YES_ERROR;
				GCC_WARN_UNDECLARED_SELECTOR = YES;
				GCC_WARN_UNINITIALIZED_AUTOS = YES_AGGRESSIVE;
				GCC_WARN_UNUSED_FUNCTION = YES;
				GCC_WARN_UNUSED_VARIABLE = YES;
				IPHONEOS_DEPLOYMENT_TARGET = 17.0;
				MACOSX_DEPLOYMENT_TARGET = 14.0;
				MARKETING_VERSION = 1.0.0;
				MTL_ENABLE_DEBUG_INFO = NO;
				MTL_FAST_MATH = YES;
				PRODUCT_NAME = "$(TARGET_NAME)";
				SWIFT_COMPILATION_MODE = wholemodule;
				SWIFT_OPTIMIZATION_LEVEL = "-O";
				SWIFT_VERSION = 6.0;
			};
			name = Release;
		};
		815837081EA16A2A87292776 /* Debug */ = {
			isa = XCBuildConfiguration;
			buildSettings = {
				ASSETCATALOG_COMPILER_APPICON_NAME = AppIcon;
				CODE_SIGN_ENTITLEMENTS = DHDSelfDevelopment/Supporting/DHDSelfDevelopment.entitlements;
				CODE_SIGN_IDENTITY = "iPhone Developer";
				INFOPLIST_FILE = DHDSelfDevelopment/Supporting/Info.plist;
				LD_RUNPATH_SEARCH_PATHS = (
					"$(inherited)",
					"@executable_path/Frameworks",
				);
				PRODUCT_BUNDLE_IDENTIFIER = com.dhd.selfdevelopment.multiorg;
				SDKROOT = iphoneos;
				TARGETED_DEVICE_FAMILY = "1,2";
			};
			name = Debug;
		};
		957B6BE6A47ACAE006E9BF5B /* Release */ = {
			isa = XCBuildConfiguration;
			buildSettings = {
				ASSETCATALOG_COMPILER_APPICON_NAME = AppIconMac;
				CODE_SIGN_ENTITLEMENTS = DHDSelfDevelopment/Supporting/DHDSelfDevelopmentMac.entitlements;
				COMBINE_HIDPI_IMAGES = YES;
				INFOPLIST_FILE = DHDSelfDevelopment/Supporting/Info.plist;
				LD_RUNPATH_SEARCH_PATHS = (
					"$(inherited)",
					"@executable_path/../Frameworks",
				);
				PRODUCT_BUNDLE_IDENTIFIER = com.dhd.selfdevelopment.multiorg.mac;
				SDKROOT = macosx;
			};
			name = Release;
		};
		D30DFD68B740AFF33035E0B2 /* Debug */ = {
			isa = XCBuildConfiguration;
			baseConfigurationReference = FE1B2944969F9360B03A3E59 /* Secrets.xcconfig */;
			buildSettings = {
				ALWAYS_SEARCH_USER_PATHS = NO;
				CLANG_ANALYZER_NONNULL = YES;
				CLANG_ANALYZER_NUMBER_OBJECT_CONVERSION = YES_AGGRESSIVE;
				CLANG_CXX_LANGUAGE_STANDARD = "gnu++14";
				CLANG_CXX_LIBRARY = "libc++";
				CLANG_ENABLE_MODULES = YES;
				CLANG_ENABLE_OBJC_ARC = YES;
				CLANG_ENABLE_OBJC_WEAK = YES;
				CLANG_WARN_BLOCK_CAPTURE_AUTORELEASING = YES;
				CLANG_WARN_BOOL_CONVERSION = YES;
				CLANG_WARN_COMMA = YES;
				CLANG_WARN_CONSTANT_CONVERSION = YES;
				CLANG_WARN_DEPRECATED_OBJC_IMPLEMENTATIONS = YES;
				CLANG_WARN_DIRECT_OBJC_ISA_USAGE = YES_ERROR;
				CLANG_WARN_DOCUMENTATION_COMMENTS = YES;
				CLANG_WARN_EMPTY_BODY = YES;
				CLANG_WARN_ENUM_CONVERSION = YES;
				CLANG_WARN_INFINITE_RECURSION = YES;
				CLANG_WARN_INT_CONVERSION = YES;
				CLANG_WARN_NON_LITERAL_NULL_CONVERSION = YES;
				CLANG_WARN_OBJC_IMPLICIT_RETAIN_SELF = YES;
				CLANG_WARN_OBJC_LITERAL_CONVERSION = YES;
				CLANG_WARN_OBJC_ROOT_CLASS = YES_ERROR;
				CLANG_WARN_QUOTED_INCLUDE_IN_FRAMEWORK_HEADER = YES;
				CLANG_WARN_RANGE_LOOP_ANALYSIS = YES;
				CLANG_WARN_STRICT_PROTOTYPES = YES;
				CLANG_WARN_SUSPICIOUS_MOVE = YES;
				CLANG_WARN_UNGUARDED_AVAILABILITY = YES_AGGRESSIVE;
				CLANG_WARN_UNREACHABLE_CODE = YES;
				CLANG_WARN__DUPLICATE_METHOD_MATCH = YES;
				COPY_PHASE_STRIP = NO;
				CURRENT_PROJECT_VERSION = 1;
				DEBUG_INFORMATION_FORMAT = dwarf;
				DEVELOPMENT_TEAM = "";
				ENABLE_STRICT_OBJC_MSGSEND = YES;
				ENABLE_TESTABILITY = YES;
				GCC_C_LANGUAGE_STANDARD = gnu11;
				GCC_DYNAMIC_NO_PIC = NO;
				GCC_NO_COMMON_BLOCKS = YES;
				GCC_OPTIMIZATION_LEVEL = 0;
				GCC_PREPROCESSOR_DEFINITIONS = (
					"$(inherited)",
					"DEBUG=1",
				);
				GCC_WARN_64_TO_32_BIT_CONVERSION = YES;
				GCC_WARN_ABOUT_RETURN_TYPE = YES_ERROR;
				GCC_WARN_UNDECLARED_SELECTOR = YES;
				GCC_WARN_UNINITIALIZED_AUTOS = YES_AGGRESSIVE;
				GCC_WARN_UNUSED_FUNCTION = YES;
				GCC_WARN_UNUSED_VARIABLE = YES;
				IPHONEOS_DEPLOYMENT_TARGET = 17.0;
				MACOSX_DEPLOYMENT_TARGET = 14.0;
				MARKETING_VERSION = 1.0.0;
				MTL_ENABLE_DEBUG_INFO = INCLUDE_SOURCE;
				MTL_FAST_MATH = YES;
				ONLY_ACTIVE_ARCH = YES;
				PRODUCT_NAME = "$(TARGET_NAME)";
				SWIFT_ACTIVE_COMPILATION_CONDITIONS = DEBUG;
				SWIFT_OPTIMIZATION_LEVEL = "-Onone";
				SWIFT_VERSION = 6.0;
			};
			name = Debug;
		};
		EE3288CD77399FC5FC359C81 /* Debug */ = {
			isa = XCBuildConfiguration;
			buildSettings = {
				ASSETCATALOG_COMPILER_APPICON_NAME = AppIconMac;
				CODE_SIGN_ENTITLEMENTS = DHDSelfDevelopment/Supporting/DHDSelfDevelopmentMac.entitlements;
				COMBINE_HIDPI_IMAGES = YES;
				INFOPLIST_FILE = DHDSelfDevelopment/Supporting/Info.plist;
				LD_RUNPATH_SEARCH_PATHS = (
					"$(inherited)",
					"@executable_path/../Frameworks",
				);
				PRODUCT_BUNDLE_IDENTIFIER = com.dhd.selfdevelopment.multiorg.mac;
				SDKROOT = macosx;
			};
			name = Debug;
		};
/* End XCBuildConfiguration section */

/* Begin XCConfigurationList section */
		1C6DAE60711227A6A237818E /* Build configuration list for PBXNativeTarget "DHDSelfDevelopment" */ = {
			isa = XCConfigurationList;
			buildConfigurations = (
				815837081EA16A2A87292776 /* Debug */,
				0AB8257CEE1CF169653074E0 /* Release */,
			);
			defaultConfigurationIsVisible = 0;
			defaultConfigurationName = Debug;
		};
		C1924BB73239E912E78EA451 /* Build configuration list for PBXProject "DHDSelfDevelopment" */ = {
			isa = XCConfigurationList;
			buildConfigurations = (
				D30DFD68B740AFF33035E0B2 /* Debug */,
				2B11680C233B292EBAD8B130 /* Release */,
			);
			defaultConfigurationIsVisible = 0;
			defaultConfigurationName = Debug;
		};
		D6962E5399F3069F160EECD5 /* Build configuration list for PBXNativeTarget "DHDSelfDevelopmentMac" */ = {
			isa = XCConfigurationList;
			buildConfigurations = (
				EE3288CD77399FC5FC359C81 /* Debug */,
				957B6BE6A47ACAE006E9BF5B /* Release */,
			);
			defaultConfigurationIsVisible = 0;
			defaultConfigurationName = Debug;
		};
/* End XCConfigurationList section */

/* Begin XCRemoteSwiftPackageReference section */
		1FD40FAD265EC81C8669DA56 /* XCRemoteSwiftPackageReference "supabase-swift" */ = {
			isa = XCRemoteSwiftPackageReference;
			repositoryURL = "https://github.com/supabase/supabase-swift";
			requirement = {
				kind = upToNextMajorVersion;
				minimumVersion = 2.0.0;
			};
		};
/* End XCRemoteSwiftPackageReference section */

/* Begin XCSwiftPackageProductDependency section */
		0C44B2A79F7A5C1CEC6EDB33 /* Supabase */ = {
			isa = XCSwiftPackageProductDependency;
			package = 1FD40FAD265EC81C8669DA56 /* XCRemoteSwiftPackageReference "supabase-swift" */;
			productName = Supabase;
		};
		78B05C7157100C8A0530288E /* Supabase */ = {
			isa = XCSwiftPackageProductDependency;
			package = 1FD40FAD265EC81C8669DA56 /* XCRemoteSwiftPackageReference "supabase-swift" */;
			productName = Supabase;
		};
/* End XCSwiftPackageProductDependency section */
	};
	rootObject = E6E0CADEF8292DF6AEECE916 /* Project object */;
}
